// !$*UTF8*$!
{
	archiveVersion = 1;
	classes = {
	};
	objectVersion = 46;
	objects = {

/* Begin PBXBuildFile section */
		D75C5FF1F8CAB915A1E07D7A /* Pods_Repasse.framework in Frameworks */ = {isa = PBXBuildFile; fileRef = 1401E05308036F9CABF863A4 /* Pods_Repasse.framework */; };
		E63DE4161CBD432F00FC36C2 /* Repasse.swift in Sources */ = {isa = PBXBuildFile; fileRef = E63DE4151CBD432F00FC36C2 /* Repasse.swift */; };
		E63DE41A1CBD56F700FC36C2 /* DetalheTableViewController.swift in Sources */ = {isa = PBXBuildFile; fileRef = E63DE4191CBD56F700FC36C2 /* DetalheTableViewController.swift */; };
		E63DE41C1CBD6EFD00FC36C2 /* RepasseViewController.swift in Sources */ = {isa = PBXBuildFile; fileRef = E63DE41B1CBD6EFD00FC36C2 /* RepasseViewController.swift */; };
		E640F3131CBAE56600345894 /* AppDelegate.swift in Sources */ = {isa = PBXBuildFile; fileRef = E640F3121CBAE56600345894 /* AppDelegate.swift */; };
		E640F3151CBAE56600345894 /* ViewController.swift in Sources */ = {isa = PBXBuildFile; fileRef = E640F3141CBAE56600345894 /* ViewController.swift */; };
		E640F3181CBAE56600345894 /* Main.storyboard in Resources */ = {isa = PBXBuildFile; fileRef = E640F3161CBAE56600345894 /* Main.storyboard */; };
		E640F31A1CBAE56600345894 /* Assets.xcassets in Resources */ = {isa = PBXBuildFile; fileRef = E640F3191CBAE56600345894 /* Assets.xcassets */; };
		E640F31D1CBAE56600345894 /* LaunchScreen.storyboard in Resources */ = {isa = PBXBuildFile; fileRef = E640F31B1CBAE56600345894 /* LaunchScreen.storyboard */; };
		E642EB301CBC71FE00A87030 /* Proponente.swift in Sources */ = {isa = PBXBuildFile; fileRef = E642EB2F1CBC71FE00A87030 /* Proponente.swift */; };
		E642EB321CBC7AF700A87030 /* MapKit.framework in Frameworks */ = {isa = PBXBuildFile; fileRef = E642EB311CBC7AF700A87030 /* MapKit.framework */; };
/* End PBXBuildFile section */

/* Begin PBXFileReference section */
		1401E05308036F9CABF863A4 /* Pods_Repasse.framework */ = {isa = PBXFileReference; explicitFileType = wrapper.framework; includeInIndex = 0; path = Pods_Repasse.framework; sourceTree = BUILT_PRODUCTS_DIR; };
		2E1A9E6F5FE0858FC737F452 /* Pods-Repasse.release.xcconfig */ = {isa = PBXFileReference; includeInIndex = 1; lastKnownFileType = text.xcconfig; name = "Pods-Repasse.release.xcconfig"; path = "Pods/Target Support Files/Pods-Repasse/Pods-Repasse.release.xcconfig"; sourceTree = "<group>"; };
		D92354F5C0296B801A876EF4 /* Pods-Repasse.debug.xcconfig */ = {isa = PBXFileReference; includeInIndex = 1; lastKnownFileType = text.xcconfig; name = "Pods-Repasse.debug.xcconfig"; path = "Pods/Target Support Files/Pods-Repasse/Pods-Repasse.debug.xcconfig"; sourceTree = "<group>"; };
		E63DE4151CBD432F00FC36C2 /* Repasse.swift */ = {isa = PBXFileReference; fileEncoding = 4; lastKnownFileType = sourcecode.swift; path = Repasse.swift; sourceTree = "<group>"; };
		E63DE4191CBD56F700FC36C2 /* DetalheTableViewController.swift */ = {isa = PBXFileReference; fileEncoding = 4; lastKnownFileType = sourcecode.swift; path = DetalheTableViewController.swift; sourceTree = "<group>"; };
		E63DE41B1CBD6EFD00FC36C2 /* RepasseViewController.swift */ = {isa = PBXFileReference; fileEncoding = 4; lastKnownFileType = sourcecode.swift; path = RepasseViewController.swift; sourceTree = "<group>"; };
		E640F30F1CBAE56600345894 /* Repasse.app */ = {isa = PBXFileReference; explicitFileType = wrapper.application; includeInIndex = 0; path = Repasse.app; sourceTree = BUILT_PRODUCTS_DIR; };
		E640F3121CBAE56600345894 /* AppDelegate.swift */ = {isa = PBXFileReference; lastKnownFileType = sourcecode.swift; path = AppDelegate.swift; sourceTree = "<group>"; };
		E640F3141CBAE56600345894 /* ViewController.swift */ = {isa = PBXFileReference; lastKnownFileType = sourcecode.swift; path = ViewController.swift; sourceTree = "<group>"; };
		E640F3171CBAE56600345894 /* Base */ = {isa = PBXFileReference; lastKnownFileType = file.storyboard; name = Base; path = Base.lproj/Main.storyboard; sourceTree = "<group>"; };
		E640F3191CBAE56600345894 /* Assets.xcassets */ = {isa = PBXFileReference; lastKnownFileType = folder.assetcatalog; path = Assets.xcassets; sourceTree = "<group>"; };
		E640F31C1CBAE56600345894 /* Base */ = {isa = PBXFileReference; lastKnownFileType = file.storyboard; name = Base; path = Base.lproj/LaunchScreen.storyboard; sourceTree = "<group>"; };
		E640F31E1CBAE56600345894 /* Info.plist */ = {isa = PBXFileReference; lastKnownFileType = text.plist.xml; path = Info.plist; sourceTree = "<group>"; };
		E642EB2F1CBC71FE00A87030 /* Proponente.swift */ = {isa = PBXFileReference; fileEncoding = 4; lastKnownFileType = sourcecode.swift; path = Proponente.swift; sourceTree = "<group>"; };
		E642EB311CBC7AF700A87030 /* MapKit.framework */ = {isa = PBXFileReference; lastKnownFileType = wrapper.framework; name = MapKit.framework; path = System/Library/Frameworks/MapKit.framework; sourceTree = SDKROOT; };
/* End PBXFileReference section */

/* Begin PBXFrameworksBuildPhase section */
		E640F30C1CBAE56600345894 /* Frameworks */ = {
			isa = PBXFrameworksBuildPhase;
			buildActionMask = 2147483647;
			files = (
				E642EB321CBC7AF700A87030 /* MapKit.framework in Frameworks */,
				D75C5FF1F8CAB915A1E07D7A /* Pods_Repasse.framework in Frameworks */,
			);
			runOnlyForDeploymentPostprocessing = 0;
		};
/* End PBXFrameworksBuildPhase section */

/* Begin PBXGroup section */
		954CF1441138C5DE2FDCD5DC /* Pods */ = {
			isa = PBXGroup;
			children = (
				D92354F5C0296B801A876EF4 /* Pods-Repasse.debug.xcconfig */,
				2E1A9E6F5FE0858FC737F452 /* Pods-Repasse.release.xcconfig */,
			);
			name = Pods;
			sourceTree = "<group>";
		};
		D1B510EBD27C7EECE72202FE /* Frameworks */ = {
			isa = PBXGroup;
			children = (
				E642EB311CBC7AF700A87030 /* MapKit.framework */,
				1401E05308036F9CABF863A4 /* Pods_Repasse.framework */,
			);
			name = Frameworks;
			sourceTree = "<group>";
		};
		E640F3061CBAE56600345894 = {
			isa = PBXGroup;
			children = (
				E640F3111CBAE56600345894 /* Repasse */,
				E640F3101CBAE56600345894 /* Products */,
				954CF1441138C5DE2FDCD5DC /* Pods */,
				D1B510EBD27C7EECE72202FE /* Frameworks */,
			);
			sourceTree = "<group>";
		};
		E640F3101CBAE56600345894 /* Products */ = {
			isa = PBXGroup;
			children = (
				E640F30F1CBAE56600345894 /* Repasse.app */,
			);
			name = Products;
			sourceTree = "<group>";
		};
		E640F3111CBAE56600345894 /* Repasse */ = {
			isa = PBXGroup;
			children = (
				E640F3121CBAE56600345894 /* AppDelegate.swift */,
				E640F3141CBAE56600345894 /* ViewController.swift */,
				E640F3161CBAE56600345894 /* Main.storyboard */,
				E640F3191CBAE56600345894 /* Assets.xcassets */,
				E640F31B1CBAE56600345894 /* LaunchScreen.storyboard */,
				E640F31E1CBAE56600345894 /* Info.plist */,
				E642EB2F1CBC71FE00A87030 /* Proponente.swift */,
				E63DE4151CBD432F00FC36C2 /* Repasse.swift */,
				E63DE4191CBD56F700FC36C2 /* DetalheTableViewController.swift */,
				E63DE41B1CBD6EFD00FC36C2 /* RepasseViewController.swift */,
			);
			path = Repasse;
			sourceTree = "<group>";
		};
/* End PBXGroup section */

/* Begin PBXNativeTarget section */
		E640F30E1CBAE56600345894 /* Repasse */ = {
			isa = PBXNativeTarget;
			buildConfigurationList = E640F3211CBAE56600345894 /* Build configuration list for PBXNativeTarget "Repasse" */;
			buildPhases = (
				032C5351577AD0CE124CB519 /* Check Pods Manifest.lock */,
				E640F30B1CBAE56600345894 /* Sources */,
				E640F30C1CBAE56600345894 /* Frameworks */,
				E640F30D1CBAE56600345894 /* Resources */,
				B7D514BD58CC45CC65DCEFE6 /* Embed Pods Frameworks */,
				9F3EDE3DDA95D53DD02E874B /* Copy Pods Resources */,
			);
			buildRules = (
			);
			dependencies = (
			);
			name = Repasse;
			productName = Repasse;
			productReference = E640F30F1CBAE56600345894 /* Repasse.app */;
			productType = "com.apple.product-type.application";
		};
/* End PBXNativeTarget section */

/* Begin PBXProject section */
		E640F3071CBAE56600345894 /* Project object */ = {
			isa = PBXProject;
			attributes = {
				LastSwiftUpdateCheck = 0730;
				LastUpgradeCheck = 0730;
				ORGANIZATIONNAME = "Ricardo Gayer";
				TargetAttributes = {
					E640F30E1CBAE56600345894 = {
						CreatedOnToolsVersion = 7.3;
						SystemCapabilities = {
							com.apple.Maps.iOS = {
								enabled = 1;
							};
						};
					};
				};
			};
			buildConfigurationList = E640F30A1CBAE56600345894 /* Build configuration list for PBXProject "Repasse" */;
			compatibilityVersion = "Xcode 3.2";
			developmentRegion = English;
			hasScannedForEncodings = 0;
			knownRegions = (
				en,
				Base,
			);
			mainGroup = E640F3061CBAE56600345894;
			productRefGroup = E640F3101CBAE56600345894 /* Products */;
			projectDirPath = "";
			projectRoot = "";
			targets = (
				E640F30E1CBAE56600345894 /* Repasse */,
			);
		};
/* End PBXProject section */

/* Begin PBXResourcesBuildPhase section */
		E640F30D1CBAE56600345894 /* Resources */ = {
			isa = PBXResourcesBuildPhase;
			buildActionMask = 2147483647;
			files = (
				E640F31D1CBAE56600345894 /* LaunchScreen.storyboard in Resources */,
				E640F31A1CBAE56600345894 /* Assets.xcassets in Resources */,
				E640F3181CBAE56600345894 /* Main.storyboard in Resources */,
			);
			runOnlyForDeploymentPostprocessing = 0;
		};
/* End PBXResourcesBuildPhase section */

/* Begin PBXShellScriptBuildPhase section */
		032C5351577AD0CE124CB519 /* Check Pods Manifest.lock */ = {
			isa = PBXShellScriptBuildPhase;
			buildActionMask = 2147483647;
			files = (
			);
			inputPaths = (
			);
			name = "Check Pods Manifest.lock";
			outputPaths = (
			);
			runOnlyForDeploymentPostprocessing = 0;
			shellPath = /bin/sh;
			shellScript = "diff \"${PODS_ROOT}/../Podfile.lock\" \"${PODS_ROOT}/Manifest.lock\" > /dev/null\nif [[ $? != 0 ]] ; then\n    cat << EOM\nerror: The sandbox is not in sync with the Podfile.lock. Run 'pod install' or update your CocoaPods installation.\nEOM\n    exit 1\nfi\n";
			showEnvVarsInLog = 0;
		};
		9F3EDE3DDA95D53DD02E874B /* Copy Pods Resources */ = {
			isa = PBXShellScriptBuildPhase;
			buildActionMask = 2147483647;
			files = (
			);
			inputPaths = (
			);
			name = "Copy Pods Resources";
			outputPaths = (
			);
			runOnlyForDeploymentPostprocessing = 0;
			shellPath = /bin/sh;
			shellScript = "\"${SRCROOT}/Pods/Target Support Files/Pods-Repasse/Pods-Repasse-resources.sh\"\n";
			showEnvVarsInLog = 0;
		};
		B7D514BD58CC45CC65DCEFE6 /* Embed Pods Frameworks */ = {
			isa = PBXShellScriptBuildPhase;
			buildActionMask = 2147483647;
			files = (
			);
			inputPaths = (
			);
			name = "Embed Pods Frameworks";
			outputPaths = (
			);
			runOnlyForDeploymentPostprocessing = 0;
			shellPath = /bin/sh;
			shellScript = "\"${SRCROOT}/Pods/Target Support Files/Pods-Repasse/Pods-Repasse-frameworks.sh\"\n";
			showEnvVarsInLog = 0;
		};
/* End PBXShellScriptBuildPhase section */

/* Begin PBXSourcesBuildPhase section */
		E640F30B1CBAE56600345894 /* Sources */ = {
			isa = PBXSourcesBuildPhase;
			buildActionMask = 2147483647;
			files = (
				E642EB301CBC71FE00A87030 /* Proponente.swift in Sources */,
				E640F3151CBAE56600345894 /* ViewController.swift in Sources */,
				E63DE41A1CBD56F700FC36C2 /* DetalheTableViewController.swift in Sources */,
				E640F3131CBAE56600345894 /* AppDelegate.swift in Sources */,
				E63DE41C1CBD6EFD00FC36C2 /* RepasseViewController.swift in Sources */,
				E63DE4161CBD432F00FC36C2 /* Repasse.swift in Sources */,
			);
			runOnlyForDeploymentPostprocessing = 0;
		};
/* End PBXSourcesBuildPhase section */

/* Begin PBXVariantGroup section */
		E640F3161CBAE56600345894 /* Main.storyboard */ = {
			isa = PBXVariantGroup;
			children = (
				E640F3171CBAE56600345894 /* Base */,
			);
			name = Main.storyboard;
			sourceTree = "<group>";
		};
		E640F31B1CBAE56600345894 /* LaunchScreen.storyboard */ = {
			isa = PBXVariantGroup;
			children = (
				E640F31C1CBAE56600345894 /* Base */,
			);
			name = LaunchScreen.storyboard;
			sourceTree = "<group>";
		};
/* End PBXVariantGroup section */

/* Begin XCBuildConfiguration section */
		E640F31F1CBAE56600345894 /* Debug */ = {
			isa = XCBuildConfiguration;
			buildSettings = {
				ALWAYS_SEARCH_USER_PATHS = NO;
				CLANG_ANALYZER_NONNULL = YES;
				CLANG_CXX_LANGUAGE_STANDARD = "gnu++0x";
				CLANG_CXX_LIBRARY = "libc++";
				CLANG_ENABLE_MODULES = YES;
				CLANG_ENABLE_OBJC_ARC = YES;
				CLANG_WARN_BOOL_CONVERSION = YES;
				CLANG_WARN_CONSTANT_CONVERSION = YES;
				CLANG_WARN_DIRECT_OBJC_ISA_USAGE = YES_ERROR;
				CLANG_WARN_EMPTY_BODY = YES;
				CLANG_WARN_ENUM_CONVERSION = YES;
				CLANG_WARN_INT_CONVERSION = YES;
				CLANG_WARN_OBJC_ROOT_CLASS = YES_ERROR;
				CLANG_WARN_UNREACHABLE_CODE = YES;
				CLANG_WARN__DUPLICATE_METHOD_MATCH = YES;
				"CODE_SIGN_IDENTITY[sdk=iphoneos*]" = "iPhone Developer";
				COPY_PHASE_STRIP = NO;
				DEBUG_INFORMATION_FORMAT = dwarf;
				ENABLE_STRICT_OBJC_MSGSEND = YES;
				ENABLE_TESTABILITY = YES;
				GCC_C_LANGUAGE_STANDARD = gnu99;
				GCC_DYNAMIC_NO_PIC = NO;
				GCC_NO_COMMON_BLOCKS = YES;
				GCC_OPTIMIZATION_LEVEL = 0;
				GCC_PREPROCESSOR_DEFINITIONS = (
					"DEBUG=1",
					"$(inherited)",
				);
				GCC_WARN_64_TO_32_BIT_CONVERSION = YES;
				GCC_WARN_ABOUT_RETURN_TYPE = YES_ERROR;
				GCC_WARN_UNDECLARED_SELECTOR = YES;
				GCC_WARN_UNINITIALIZED_AUTOS = YES_AGGRESSIVE;
				GCC_WARN_UNUSED_FUNCTION = YES;
				GCC_WARN_UNUSED_VARIABLE = YES;
				IPHONEOS_DEPLOYMENT_TARGET = 9.3;
				MTL_ENABLE_DEBUG_INFO = YES;
				ONLY_ACTIVE_ARCH = YES;
				SDKROOT = iphoneos;
				SWIFT_OPTIMIZATION_LEVEL = "-Onone";
				TARGETED_DEVICE_FAMILY = "1,2";
			};
			name = Debug;
		};
		E640F3201CBAE56600345894 /* Release */ = {
			isa = XCBuildConfiguration;
			buildSettings = {
				ALWAYS_SEARCH_USER_PATHS = NO;
				CLANG_ANALYZER_NONNULL = YES;
				CLANG_CXX_LANGUAGE_STANDARD = "gnu++0x";
				CLANG_CXX_LIBRARY = "libc++";
				CLANG_ENABLE_MODULES = YES;
				CLANG_ENABLE_OBJC_ARC = YES;
				CLANG_WARN_BOOL_CONVERSION = YES;
				CLANG_WARN_CONSTANT_CONVERSION = YES;
				CLANG_WARN_DIRECT_OBJC_ISA_USAGE = YES_ERROR;
				CLANG_WARN_EMPTY_BODY = YES;
				CLANG_WARN_ENUM_CONVERSION = YES;
				CLANG_WARN_INT_CONVERSION = YES;
				CLANG_WARN_OBJC_ROOT_CLASS = YES_ERROR;
				CLANG_WARN_UNREACHABLE_CODE = YES;
				CLANG_WARN__DUPLICATE_METHOD_MATCH = YES;
				"CODE_SIGN_IDENTITY[sdk=iphoneos*]" = "iPhone Developer";
				COPY_PHASE_STRIP = NO;
				DEBUG_INFORMATION_FORMAT = "dwarf-with-dsym";
				ENABLE_NS_ASSERTIONS = NO;
				ENABLE_STRICT_OBJC_MSGSEND = YES;
				GCC_C_LANGUAGE_STANDARD = gnu99;
				GCC_NO_COMMON_BLOCKS = YES;
				GCC_WARN_64_TO_32_BIT_CONVERSION = YES;
				GCC_WARN_ABOUT_RETURN_TYPE = YES_ERROR;
				GCC_WARN_UNDECLARED_SELECTOR = YES;
				GCC_WARN_UNINITIALIZED_AUTOS = YES_AGGRESSIVE;
				GCC_WARN_UNUSED_FUNCTION = YES;
				GCC_WARN_UNUSED_VARIABLE = YES;
				IPHONEOS_DEPLOYMENT_TARGET = 9.3;
				MTL_ENABLE_DEBUG_INFO = NO;
				SDKROOT = iphoneos;
				TARGETED_DEVICE_FAMILY = "1,2";
				VALIDATE_PRODUCT = YES;
			};
			name = Release;
		};
		E640F3221CBAE56600345894 /* Debug */ = {
			isa = XCBuildConfiguration;
			baseConfigurationReference = D92354F5C0296B801A876EF4 /* Pods-Repasse.debug.xcconfig */;
			buildSettings = {
				ASSETCATALOG_COMPILER_APPICON_NAME = AppIcon;
				INFOPLIST_FILE = Repasse/Info.plist;
				LD_RUNPATH_SEARCH_PATHS = "$(inherited) @executable_path/Frameworks";
				PRODUCT_BUNDLE_IDENTIFIER = "br.com.m-wave.Repasse";
				PRODUCT_NAME = "$(TARGET_NAME)";
			};
			name = Debug;
		};
		E640F3231CBAE56600345894 /* Release */ = {
			isa = XCBuildConfiguration;
			baseConfigurationReference = 2E1A9E6F5FE0858FC737F452 /* Pods-Repasse.release.xcconfig */;
			buildSettings = {
				ASSETCATALOG_COMPILER_APPICON_NAME = AppIcon;
				INFOPLIST_FILE = Repasse/Info.plist;
				LD_RUNPATH_SEARCH_PATHS = "$(inherited) @executable_path/Frameworks";
				PRODUCT_BUNDLE_IDENTIFIER = "br.com.m-wave.Repasse";
				PRODUCT_NAME = "$(TARGET_NAME)";
			};
			name = Release;
		};
/* End XCBuildConfiguration section */

/* Begin XCConfigurationList section */
		E640F30A1CBAE56600345894 /* Build configuration list for PBXProject "Repasse" */ = {
			isa = XCConfigurationList;
			buildConfigurations = (
				E640F31F1CBAE56600345894 /* Debug */,
				E640F3201CBAE56600345894 /* Release */,
			);
			defaultConfigurationIsVisible = 0;
			defaultConfigurationName = Release;
		};
		E640F3211CBAE56600345894 /* Build configuration list for PBXNativeTarget "Repasse" */ = {
			isa = XCConfigurationList;
			buildConfigurations = (
				E640F3221CBAE56600345894 /* Debug */,
				E640F3231CBAE56600345894 /* Release */,
			);
			defaultConfigurationIsVisible = 0;
			defaultConfigurationName = Release;
		};
/* End XCConfigurationList section */
	};
	rootObject = E640F3071CBAE56600345894 /* Project object */;
}
